
Microsoft Visual Studio Solution File, Format Version 12.00
# Visual Studio Version 16
VisualStudioVersion = 16.0.32802.440
MinimumVisualStudioVersion = 10.0.40219.1
Project("{9A19103F-16F7-4668-BE54-9A1E7A4F7556}") = "BITPay", "BITPay\BITPay.csproj", "{2358C3B7-C907-4407-9BF5-EE9E972F98D7}"
EndProject
Project("{9A19103F-16F7-4668-BE54-9A1E7A4F7556}") = "DBL", "DBL\DBL.csproj", "{72C61929-83B2-4DF2-AA2C-4F741D02C859}"
EndProject
Project("{FAE04EC0-301F-11D3-BF4B-00C04F79EFBC}") = "BITPayService", "BITPayService\BITPayService.csproj", "{901BA315-CA3B-4750-B2A4-D06CCEABC10C}"
EndProject
Project("{FAE04EC0-301F-11D3-BF4B-00C04F79EFBC}") = "OBRGateway", "OBRGateway\OBRGateway.csproj", "{5983623C-2897-40E4-8EC0-21F8E27F7E62}"
EndProject
Project("{FAE04EC0-301F-11D3-BF4B-00C04F79EFBC}") = "OBRClient", "OBRClient\OBRClient.csproj", "{B223ABCD-ACCA-4642-BC60-C3CED78783FB}"
EndProject
Global
	GlobalSection(SolutionConfigurationPlatforms) = preSolution
		Debug|Any CPU = Debug|Any CPU
		Release|Any CPU = Release|Any CPU
	EndGlobalSection
	GlobalSection(ProjectConfigurationPlatforms) = postSolution
		{2358C3B7-C907-4407-9BF5-EE9E972F98D7}.Debug|Any CPU.ActiveCfg = Debug|Any CPU
		{2358C3B7-C907-4407-9BF5-EE9E972F98D7}.Debug|Any CPU.Build.0 = Debug|Any CPU
		{2358C3B7-C907-4407-9BF5-EE9E972F98D7}.Release|Any CPU.ActiveCfg = Release|Any CPU
		{2358C3B7-C907-4407-9BF5-EE9E972F98D7}.Release|Any CPU.Build.0 = Release|Any CPU
		{72C61929-83B2-4DF2-AA2C-4F741D02C859}.Debug|Any CPU.ActiveCfg = Debug|Any CPU
		{72C61929-83B2-4DF2-AA2C-4F741D02C859}.Debug|Any CPU.Build.0 = Debug|Any CPU
		{72C61929-83B2-4DF2-AA2C-4F741D02C859}.Release|Any CPU.ActiveCfg = Release|Any CPU
		{72C61929-83B2-4DF2-AA2C-4F741D02C859}.Release|Any CPU.Build.0 = Release|Any CPU
		{901BA315-CA3B-4750-B2A4-D06CCEABC10C}.Debug|Any CPU.ActiveCfg = Debug|Any CPU
		{901BA315-CA3B-4750-B2A4-D06CCEABC10C}.Debug|Any CPU.Build.0 = Debug|Any CPU
		{901BA315-CA3B-4750-B2A4-D06CCEABC10C}.Release|Any CPU.ActiveCfg = Release|Any CPU
		{901BA315-CA3B-4750-B2A4-D06CCEABC10C}.Release|Any CPU.Build.0 = Release|Any CPU
		{5983623C-2897-40E4-8EC0-21F8E27F7E62}.Debug|Any CPU.ActiveCfg = Debug|Any CPU
		{5983623C-2897-40E4-8EC0-21F8E27F7E62}.Debug|Any CPU.Build.0 = Debug|Any CPU
		{5983623C-2897-40E4-8EC0-21F8E27F7E62}.Release|Any CPU.ActiveCfg = Release|Any CPU
		{5983623C-2897-40E4-8EC0-21F8E27F7E62}.Release|Any CPU.Build.0 = Release|Any CPU
		{B223ABCD-ACCA-4642-BC60-C3CED78783FB}.Debug|Any CPU.ActiveCfg = Debug|Any CPU
		{B223ABCD-ACCA-4642-BC60-C3CED78783FB}.Debug|Any CPU.Build.0 = Debug|Any CPU
		{B223ABCD-ACCA-4642-BC60-C3CED78783FB}.Release|Any CPU.ActiveCfg = Release|Any CPU
		{B223ABCD-ACCA-4642-BC60-C3CED78783FB}.Release|Any CPU.Build.0 = Release|Any CPU
	EndGlobalSection
	GlobalSection(SolutionProperties) = preSolution
		HideSolutionNode = FALSE
	EndGlobalSection
	GlobalSection(ExtensibilityGlobals) = postSolution
		SolutionGuid = {1A50FA83-FBFD-4DDF-9F1B-BB320ACC5E84}
	EndGlobalSection
EndGlobal
